
Microsoft Visual Studio Solution File, Format Version 12.00
# Visual Studio Version 16
VisualStudioVersion = 16.0.29920.165
MinimumVisualStudioVersion = 10.0.40219.1
Project("{8BC9CEB8-8B4A-11D0-8D11-00A0C91BC942}") = "2학기 13주차 실습", "2학기 13주차 실습\2학기 13주차 실습.vcxproj", "{0654DAE7-AC8F-47A3-8145-2BD3A827EF35}"
EndProject
Global
	GlobalSection(SolutionConfigurationPlatforms) = preSolution
		Debug|x64 = Debug|x64
		Debug|x86 = Debug|x86
		Release|x64 = Release|x64
		Release|x86 = Release|x86
	EndGlobalSection
	GlobalSection(ProjectConfigurationPlatforms) = postSolution
		{0654DAE7-AC8F-47A3-8145-2BD3A827EF35}.Debug|x64.ActiveCfg = Debug|x64
		{0654DAE7-AC8F-47A3-8145-2BD3A827EF35}.Debug|x64.Build.0 = Debug|x64
		{0654DAE7-AC8F-47A3-8145-2BD3A827EF35}.Debug|x86.ActiveCfg = Debug|Win32
		{0654DAE7-AC8F-47A3-8145-2BD3A827EF35}.Debug|x86.Build.0 = Debug|Win32
		{0654DAE7-AC8F-47A3-8145-2BD3A827EF35}.Release|x64.ActiveCfg = Release|x64
		{0654DAE7-AC8F-47A3-8145-2BD3A827EF35}.Release|x64.Build.0 = Release|x64
		{0654DAE7-AC8F-47A3-8145-2BD3A827EF35}.Release|x86.ActiveCfg = Release|Win32
		{0654DAE7-AC8F-47A3-8145-2BD3A827EF35}.Release|x86.Build.0 = Release|Win32
	EndGlobalSection
	GlobalSection(SolutionProperties) = preSolution
		HideSolutionNode = FALSE
	EndGlobalSection
	GlobalSection(ExtensibilityGlobals) = postSolution
		SolutionGuid = {48AA4225-0AF4-4129-8F32-0B85DB9C016E}
	EndGlobalSection
EndGlobal
