
Microsoft Visual Studio Solution File, Format Version 12.00
# Visual Studio Version 16
VisualStudioVersion = 16.0.29920.165
MinimumVisualStudioVersion = 10.0.40219.1
Project("{8BC9CEB8-8B4A-11D0-8D11-00A0C91BC942}") = "week 11 Ex", "week 11 Ex\week 11 Ex.vcxproj", "{8F3D0545-1331-4A35-B9CA-D2CF23C42959}"
EndProject
Global
	GlobalSection(SolutionConfigurationPlatforms) = preSolution
		Debug|x64 = Debug|x64
		Debug|x86 = Debug|x86
		Release|x64 = Release|x64
		Release|x86 = Release|x86
	EndGlobalSection
	GlobalSection(ProjectConfigurationPlatforms) = postSolution
		{8F3D0545-1331-4A35-B9CA-D2CF23C42959}.Debug|x64.ActiveCfg = Debug|x64
		{8F3D0545-1331-4A35-B9CA-D2CF23C42959}.Debug|x64.Build.0 = Debug|x64
		{8F3D0545-1331-4A35-B9CA-D2CF23C42959}.Debug|x86.ActiveCfg = Debug|Win32
		{8F3D0545-1331-4A35-B9CA-D2CF23C42959}.Debug|x86.Build.0 = Debug|Win32
		{8F3D0545-1331-4A35-B9CA-D2CF23C42959}.Release|x64.ActiveCfg = Release|x64
		{8F3D0545-1331-4A35-B9CA-D2CF23C42959}.Release|x64.Build.0 = Release|x64
		{8F3D0545-1331-4A35-B9CA-D2CF23C42959}.Release|x86.ActiveCfg = Release|Win32
		{8F3D0545-1331-4A35-B9CA-D2CF23C42959}.Release|x86.Build.0 = Release|Win32
	EndGlobalSection
	GlobalSection(SolutionProperties) = preSolution
		HideSolutionNode = FALSE
	EndGlobalSection
	GlobalSection(ExtensibilityGlobals) = postSolution
		SolutionGuid = {843441E5-8BC5-4D2D-8262-495424904F8A}
	EndGlobalSection
EndGlobal
